
Microsoft Visual Studio Solution File, Format Version 12.00
# Visual Studio Version 16
VisualStudioVersion = 16.0.31129.286
MinimumVisualStudioVersion = 10.0.40219.1
Project("{FAE04EC0-301F-11D3-BF4B-00C04F79EFBC}") = "CabInvoiceGenerator", "CabInvoiceGenerator\CabInvoiceGenerator.csproj", "{428E59AF-441A-46D1-8E49-B83FD88A1FE1}"
EndProject
Project("{FAE04EC0-301F-11D3-BF4B-00C04F79EFBC}") = "CabInvoiceTesting", "CabInvoiceTesting\CabInvoiceTesting.csproj", "{A2903E8E-830C-482E-B9D1-6AF6FCF0F3B0}"
EndProject
Global
	GlobalSection(SolutionConfigurationPlatforms) = preSolution
		Debug|Any CPU = Debug|Any CPU
		Release|Any CPU = Release|Any CPU
	EndGlobalSection
	GlobalSection(ProjectConfigurationPlatforms) = postSolution
		{428E59AF-441A-46D1-8E49-B83FD88A1FE1}.Debug|Any CPU.ActiveCfg = Debug|Any CPU
		{428E59AF-441A-46D1-8E49-B83FD88A1FE1}.Debug|Any CPU.Build.0 = Debug|Any CPU
		{428E59AF-441A-46D1-8E49-B83FD88A1FE1}.Release|Any CPU.ActiveCfg = Release|Any CPU
		{428E59AF-441A-46D1-8E49-B83FD88A1FE1}.Release|Any CPU.Build.0 = Release|Any CPU
		{A2903E8E-830C-482E-B9D1-6AF6FCF0F3B0}.Debug|Any CPU.ActiveCfg = Debug|Any CPU
		{A2903E8E-830C-482E-B9D1-6AF6FCF0F3B0}.Debug|Any CPU.Build.0 = Debug|Any CPU
		{A2903E8E-830C-482E-B9D1-6AF6FCF0F3B0}.Release|Any CPU.ActiveCfg = Release|Any CPU
		{A2903E8E-830C-482E-B9D1-6AF6FCF0F3B0}.Release|Any CPU.Build.0 = Release|Any CPU
	EndGlobalSection
	GlobalSection(SolutionProperties) = preSolution
		HideSolutionNode = FALSE
	EndGlobalSection
	GlobalSection(ExtensibilityGlobals) = postSolution
		SolutionGuid = {CBA6FB9D-2A5D-45B9-A604-0192ECBAE1F9}
	EndGlobalSection
EndGlobal
